
Microsoft Visual Studio Solution File, Format Version 12.00
# Visual Studio Version 17
VisualStudioVersion = 17.3.32825.248
MinimumVisualStudioVersion = 10.0.40219.1
Project("{FAE04EC0-301F-11D3-BF4B-00C04F79EFBC}") = "3DViewer", "3DViewer\3DViewer.csproj", "{474E9858-9E0E-4389-A2ED-2ACF5D0AE574}"
EndProject
Project("{FAE04EC0-301F-11D3-BF4B-00C04F79EFBC}") = "StartWindow", "StartWindow\StartWindow.csproj", "{6CF60321-594F-4CFF-ADCF-34B3487522D5}"
EndProject
Global
	GlobalSection(SolutionConfigurationPlatforms) = preSolution
		Debug|Any CPU = Debug|Any CPU
		Release|Any CPU = Release|Any CPU
	EndGlobalSection
	GlobalSection(ProjectConfigurationPlatforms) = postSolution
		{474E9858-9E0E-4389-A2ED-2ACF5D0AE574}.Debug|Any CPU.ActiveCfg = Debug|Any CPU
		{474E9858-9E0E-4389-A2ED-2ACF5D0AE574}.Debug|Any CPU.Build.0 = Debug|Any CPU
		{474E9858-9E0E-4389-A2ED-2ACF5D0AE574}.Release|Any CPU.ActiveCfg = Release|Any CPU
		{474E9858-9E0E-4389-A2ED-2ACF5D0AE574}.Release|Any CPU.Build.0 = Release|Any CPU
		{6CF60321-594F-4CFF-ADCF-34B3487522D5}.Debug|Any CPU.ActiveCfg = Debug|Any CPU
		{6CF60321-594F-4CFF-ADCF-34B3487522D5}.Debug|Any CPU.Build.0 = Debug|Any CPU
		{6CF60321-594F-4CFF-ADCF-34B3487522D5}.Release|Any CPU.ActiveCfg = Release|Any CPU
		{6CF60321-594F-4CFF-ADCF-34B3487522D5}.Release|Any CPU.Build.0 = Release|Any CPU
	EndGlobalSection
	GlobalSection(SolutionProperties) = preSolution
		HideSolutionNode = FALSE
	EndGlobalSection
	GlobalSection(ExtensibilityGlobals) = postSolution
		SolutionGuid = {46950455-3510-42A1-B022-0592C6FF167B}
	EndGlobalSection
EndGlobal
